Microsoft Visual Studio Solution File, Format Version 11.00
# Visual Studio 2008

Project("{8397040F-CF22-FD0E-39F5-715010B4460D}") = "MonkeyCubeRun - 副本", "Assembly-CSharp.csproj", "{9B73BF7A-1654-AA30-B84F-B8C2E242921A}"
EndProject
Project("{8397040F-CF22-FD0E-39F5-715010B4460D}") = "MonkeyCubeRun - 副本", "Assembly-CSharp-Editor.csproj", "{7EE30547-5A41-73AE-B679-8A941DBB50C3}"
EndProject
Global
	GlobalSection(SolutionConfigurationPlatforms) = preSolution
		Debug|Any CPU = Debug|Any CPU
		Release|Any CPU = Release|Any CPU
	EndGlobalSection
	GlobalSection(ProjectConfigurationPlatforms) = postSolution
		{9B73BF7A-1654-AA30-B84F-B8C2E242921A}.Debug|Any CPU.ActiveCfg = Debug|Any CPU
		{9B73BF7A-1654-AA30-B84F-B8C2E242921A}.Debug|Any CPU.Build.0 = Debug|Any CPU
		{9B73BF7A-1654-AA30-B84F-B8C2E242921A}.Release|Any CPU.ActiveCfg = Release|Any CPU
		{9B73BF7A-1654-AA30-B84F-B8C2E242921A}.Release|Any CPU.Build.0 = Release|Any CPU
		{7EE30547-5A41-73AE-B679-8A941DBB50C3}.Debug|Any CPU.ActiveCfg = Debug|Any CPU
		{7EE30547-5A41-73AE-B679-8A941DBB50C3}.Debug|Any CPU.Build.0 = Debug|Any CPU
		{7EE30547-5A41-73AE-B679-8A941DBB50C3}.Release|Any CPU.ActiveCfg = Release|Any CPU
		{7EE30547-5A41-73AE-B679-8A941DBB50C3}.Release|Any CPU.Build.0 = Release|Any CPU
	EndGlobalSection
	GlobalSection(SolutionProperties) = preSolution
		HideSolutionNode = FALSE
	EndGlobalSection
	GlobalSection(MonoDevelopProperties) = preSolution
		StartupItem = Assembly-CSharp.csproj
	EndGlobalSection
EndGlobal
